
Microsoft Visual Studio Solution File, Format Version 12.00
# Visual Studio 15
VisualStudioVersion = 15.0.26124.0
MinimumVisualStudioVersion = 15.0.26124.0
Project("{FAE04EC0-301F-11D3-BF4B-00C04F79EFBC}") = "FluentPoco", "FluentPoco\FluentPoco.csproj", "{4BDEC217-D8B2-4542-864C-09862B535180}"
EndProject
Project("{FAE04EC0-301F-11D3-BF4B-00C04F79EFBC}") = "FluentPoco.Tests", "FluentPoco.Tests\FluentPoco.Tests.csproj", "{EFEB1C05-15B9-4D4E-83C8-6327580FA28E}"
EndProject
Global
	GlobalSection(SolutionConfigurationPlatforms) = preSolution
		Debug|Any CPU = Debug|Any CPU
		Debug|x64 = Debug|x64
		Debug|x86 = Debug|x86
		Release|Any CPU = Release|Any CPU
		Release|x64 = Release|x64
		Release|x86 = Release|x86
	EndGlobalSection
	GlobalSection(SolutionProperties) = preSolution
		HideSolutionNode = FALSE
	EndGlobalSection
	GlobalSection(ProjectConfigurationPlatforms) = postSolution
		{4BDEC217-D8B2-4542-864C-09862B535180}.Debug|Any CPU.ActiveCfg = Debug|Any CPU
		{4BDEC217-D8B2-4542-864C-09862B535180}.Debug|Any CPU.Build.0 = Debug|Any CPU
		{4BDEC217-D8B2-4542-864C-09862B535180}.Debug|x64.ActiveCfg = Debug|x64
		{4BDEC217-D8B2-4542-864C-09862B535180}.Debug|x64.Build.0 = Debug|x64
		{4BDEC217-D8B2-4542-864C-09862B535180}.Debug|x86.ActiveCfg = Debug|x86
		{4BDEC217-D8B2-4542-864C-09862B535180}.Debug|x86.Build.0 = Debug|x86
		{4BDEC217-D8B2-4542-864C-09862B535180}.Release|Any CPU.ActiveCfg = Release|Any CPU
		{4BDEC217-D8B2-4542-864C-09862B535180}.Release|Any CPU.Build.0 = Release|Any CPU
		{4BDEC217-D8B2-4542-864C-09862B535180}.Release|x64.ActiveCfg = Release|x64
		{4BDEC217-D8B2-4542-864C-09862B535180}.Release|x64.Build.0 = Release|x64
		{4BDEC217-D8B2-4542-864C-09862B535180}.Release|x86.ActiveCfg = Release|x86
		{4BDEC217-D8B2-4542-864C-09862B535180}.Release|x86.Build.0 = Release|x86
		{EFEB1C05-15B9-4D4E-83C8-6327580FA28E}.Debug|Any CPU.ActiveCfg = Debug|Any CPU
		{EFEB1C05-15B9-4D4E-83C8-6327580FA28E}.Debug|Any CPU.Build.0 = Debug|Any CPU
		{EFEB1C05-15B9-4D4E-83C8-6327580FA28E}.Debug|x64.ActiveCfg = Debug|x64
		{EFEB1C05-15B9-4D4E-83C8-6327580FA28E}.Debug|x64.Build.0 = Debug|x64
		{EFEB1C05-15B9-4D4E-83C8-6327580FA28E}.Debug|x86.ActiveCfg = Debug|x86
		{EFEB1C05-15B9-4D4E-83C8-6327580FA28E}.Debug|x86.Build.0 = Debug|x86
		{EFEB1C05-15B9-4D4E-83C8-6327580FA28E}.Release|Any CPU.ActiveCfg = Release|Any CPU
		{EFEB1C05-15B9-4D4E-83C8-6327580FA28E}.Release|Any CPU.Build.0 = Release|Any CPU
		{EFEB1C05-15B9-4D4E-83C8-6327580FA28E}.Release|x64.ActiveCfg = Release|x64
		{EFEB1C05-15B9-4D4E-83C8-6327580FA28E}.Release|x64.Build.0 = Release|x64
		{EFEB1C05-15B9-4D4E-83C8-6327580FA28E}.Release|x86.ActiveCfg = Release|x86
		{EFEB1C05-15B9-4D4E-83C8-6327580FA28E}.Release|x86.Build.0 = Release|x86
	EndGlobalSection
EndGlobal
